
Microsoft Visual Studio Solution File, Format Version 12.00
# Visual Studio Version 17
VisualStudioVersion = 17.5.33424.131
MinimumVisualStudioVersion = 10.0.40219.1
Project("{8BC9CEB8-8B4A-11D0-8D11-00A0C91BC942}") = "AT13D33_DirectX11_Setup", "AT13D33_DirectX11_Setup\AT13D33_DirectX11_Setup.vcxproj", "{4285C7F2-B163-4E89-AE85-468379499CB8}"
EndProject
Global
	GlobalSection(SolutionConfigurationPlatforms) = preSolution
		Debug|x64 = Debug|x64
		Debug|x86 = Debug|x86
		Release|x64 = Release|x64
		Release|x86 = Release|x86
	EndGlobalSection
	GlobalSection(ProjectConfigurationPlatforms) = postSolution
		{4285C7F2-B163-4E89-AE85-468379499CB8}.Debug|x64.ActiveCfg = Debug|x64
		{4285C7F2-B163-4E89-AE85-468379499CB8}.Debug|x64.Build.0 = Debug|x64
		{4285C7F2-B163-4E89-AE85-468379499CB8}.Debug|x86.ActiveCfg = Debug|Win32
		{4285C7F2-B163-4E89-AE85-468379499CB8}.Debug|x86.Build.0 = Debug|Win32
		{4285C7F2-B163-4E89-AE85-468379499CB8}.Release|x64.ActiveCfg = Release|x64
		{4285C7F2-B163-4E89-AE85-468379499CB8}.Release|x64.Build.0 = Release|x64
		{4285C7F2-B163-4E89-AE85-468379499CB8}.Release|x86.ActiveCfg = Release|Win32
		{4285C7F2-B163-4E89-AE85-468379499CB8}.Release|x86.Build.0 = Release|Win32
	EndGlobalSection
	GlobalSection(SolutionProperties) = preSolution
		HideSolutionNode = FALSE
	EndGlobalSection
	GlobalSection(ExtensibilityGlobals) = postSolution
		SolutionGuid = {88200954-E060-48FE-A927-7485F533AE0C}
	EndGlobalSection
EndGlobal
